
Microsoft Visual Studio Solution File, Format Version 12.00
# Visual Studio Version 16
VisualStudioVersion = 16.0.31729.503
MinimumVisualStudioVersion = 10.0.40219.1
Project("{FAE04EC0-301F-11D3-BF4B-00C04F79EFBC}") = "DemirbasTakipApp.API", "DemirbasTakipApp.API.csproj", "{05D1C3C6-CC08-4C92-9ED1-C59A060031EE}"
EndProject
Global
	GlobalSection(SolutionConfigurationPlatforms) = preSolution
		Debug|Any CPU = Debug|Any CPU
		Release|Any CPU = Release|Any CPU
	EndGlobalSection
	GlobalSection(ProjectConfigurationPlatforms) = postSolution
		{05D1C3C6-CC08-4C92-9ED1-C59A060031EE}.Debug|Any CPU.ActiveCfg = Debug|Any CPU
		{05D1C3C6-CC08-4C92-9ED1-C59A060031EE}.Debug|Any CPU.Build.0 = Debug|Any CPU
		{05D1C3C6-CC08-4C92-9ED1-C59A060031EE}.Release|Any CPU.ActiveCfg = Release|Any CPU
		{05D1C3C6-CC08-4C92-9ED1-C59A060031EE}.Release|Any CPU.Build.0 = Release|Any CPU
	EndGlobalSection
	GlobalSection(SolutionProperties) = preSolution
		HideSolutionNode = FALSE
	EndGlobalSection
	GlobalSection(ExtensibilityGlobals) = postSolution
		SolutionGuid = {DDBB8631-775B-49CB-A4E8-D0DDE4A072AC}
	EndGlobalSection
EndGlobal
